
Microsoft Visual Studio Solution File, Format Version 12.00
# Visual Studio Version 16
VisualStudioVersion = 16.0.30114.105
MinimumVisualStudioVersion = 10.0.40219.1
Project("{FAE04EC0-301F-11D3-BF4B-00C04F79EFBC}") = "API", "API\API.csproj", "{745BC428-37CE-48BA-96AA-F0DDE3310DD9}"
EndProject
Project("{FAE04EC0-301F-11D3-BF4B-00C04F79EFBC}") = "Application", "Application\Application.csproj", "{97587EB7-0379-4B14-ACFE-B9AD6F6923A4}"
EndProject
Project("{FAE04EC0-301F-11D3-BF4B-00C04F79EFBC}") = "Persistence", "Persistence\Persistence.csproj", "{117D2191-954D-43FB-9909-B6E43804F6D7}"
EndProject
Project("{FAE04EC0-301F-11D3-BF4B-00C04F79EFBC}") = "Domain", "Domain\Domain.csproj", "{9B171CD6-5B82-4E51-B393-7EA42B63860B}"
EndProject
Global
	GlobalSection(SolutionConfigurationPlatforms) = preSolution
		Debug|Any CPU = Debug|Any CPU
		Release|Any CPU = Release|Any CPU
	EndGlobalSection
	GlobalSection(SolutionProperties) = preSolution
		HideSolutionNode = FALSE
	EndGlobalSection
	GlobalSection(ProjectConfigurationPlatforms) = postSolution
		{745BC428-37CE-48BA-96AA-F0DDE3310DD9}.Debug|Any CPU.ActiveCfg = Debug|Any CPU
		{745BC428-37CE-48BA-96AA-F0DDE3310DD9}.Debug|Any CPU.Build.0 = Debug|Any CPU
		{745BC428-37CE-48BA-96AA-F0DDE3310DD9}.Release|Any CPU.ActiveCfg = Release|Any CPU
		{745BC428-37CE-48BA-96AA-F0DDE3310DD9}.Release|Any CPU.Build.0 = Release|Any CPU
		{97587EB7-0379-4B14-ACFE-B9AD6F6923A4}.Debug|Any CPU.ActiveCfg = Debug|Any CPU
		{97587EB7-0379-4B14-ACFE-B9AD6F6923A4}.Debug|Any CPU.Build.0 = Debug|Any CPU
		{97587EB7-0379-4B14-ACFE-B9AD6F6923A4}.Release|Any CPU.ActiveCfg = Release|Any CPU
		{97587EB7-0379-4B14-ACFE-B9AD6F6923A4}.Release|Any CPU.Build.0 = Release|Any CPU
		{117D2191-954D-43FB-9909-B6E43804F6D7}.Debug|Any CPU.ActiveCfg = Debug|Any CPU
		{117D2191-954D-43FB-9909-B6E43804F6D7}.Debug|Any CPU.Build.0 = Debug|Any CPU
		{117D2191-954D-43FB-9909-B6E43804F6D7}.Release|Any CPU.ActiveCfg = Release|Any CPU
		{117D2191-954D-43FB-9909-B6E43804F6D7}.Release|Any CPU.Build.0 = Release|Any CPU
		{9B171CD6-5B82-4E51-B393-7EA42B63860B}.Debug|Any CPU.ActiveCfg = Debug|Any CPU
		{9B171CD6-5B82-4E51-B393-7EA42B63860B}.Debug|Any CPU.Build.0 = Debug|Any CPU
		{9B171CD6-5B82-4E51-B393-7EA42B63860B}.Release|Any CPU.ActiveCfg = Release|Any CPU
		{9B171CD6-5B82-4E51-B393-7EA42B63860B}.Release|Any CPU.Build.0 = Release|Any CPU
	EndGlobalSection
EndGlobal
